
Microsoft Visual Studio Solution File, Format Version 12.00
# Visual Studio 15
VisualStudioVersion = 15.0.28307.271
MinimumVisualStudioVersion = 10.0.40219.1
Project("{FAE04EC0-301F-11D3-BF4B-00C04F79EFBC}") = "DevExpressGridView", "DevExpressGridView\DevExpressGridView.csproj", "{67B89558-04F3-47B0-A775-A22A0F325107}"
EndProject
Project("{FAE04EC0-301F-11D3-BF4B-00C04F79EFBC}") = "DevExpressGridView.Tests", "DevExpressGridView.Tests\DevExpressGridView.Tests.csproj", "{1965D530-343F-4D1B-8DF6-B0FEAF0EE19C}"
EndProject
Global
	GlobalSection(SolutionConfigurationPlatforms) = preSolution
		Debug|Any CPU = Debug|Any CPU
		Release|Any CPU = Release|Any CPU
	EndGlobalSection
	GlobalSection(ProjectConfigurationPlatforms) = postSolution
		{67B89558-04F3-47B0-A775-A22A0F325107}.Debug|Any CPU.ActiveCfg = Debug|Any CPU
		{67B89558-04F3-47B0-A775-A22A0F325107}.Debug|Any CPU.Build.0 = Debug|Any CPU
		{67B89558-04F3-47B0-A775-A22A0F325107}.Release|Any CPU.ActiveCfg = Release|Any CPU
		{67B89558-04F3-47B0-A775-A22A0F325107}.Release|Any CPU.Build.0 = Release|Any CPU
		{1965D530-343F-4D1B-8DF6-B0FEAF0EE19C}.Debug|Any CPU.ActiveCfg = Debug|Any CPU
		{1965D530-343F-4D1B-8DF6-B0FEAF0EE19C}.Debug|Any CPU.Build.0 = Debug|Any CPU
		{1965D530-343F-4D1B-8DF6-B0FEAF0EE19C}.Release|Any CPU.ActiveCfg = Release|Any CPU
		{1965D530-343F-4D1B-8DF6-B0FEAF0EE19C}.Release|Any CPU.Build.0 = Release|Any CPU
	EndGlobalSection
	GlobalSection(SolutionProperties) = preSolution
		HideSolutionNode = FALSE
	EndGlobalSection
	GlobalSection(ExtensibilityGlobals) = postSolution
		SolutionGuid = {A3298F1C-3231-440D-83C3-CBC3F4159EBE}
	EndGlobalSection
EndGlobal
